
Microsoft Visual Studio Solution File, Format Version 12.00
# Visual Studio Version 17
VisualStudioVersion = 17.9.34723.18
MinimumVisualStudioVersion = 10.0.40219.1
Project("{FAE04EC0-301F-11D3-BF4B-00C04F79EFBC}") = "AreaManagement1", "AreaManagement1.csproj", "{03EEC765-088D-42FA-9BC7-38DD7718D277}"
EndProject
Project("{FAE04EC0-301F-11D3-BF4B-00C04F79EFBC}") = "AreaTest", "..\AreaTest\AreaTest.csproj", "{B9776260-2E57-4447-ABA8-2B57B7C90F9D}"
EndProject
Global
	GlobalSection(SolutionConfigurationPlatforms) = preSolution
		Debug|Any CPU = Debug|Any CPU
		Release|Any CPU = Release|Any CPU
	EndGlobalSection
	GlobalSection(ProjectConfigurationPlatforms) = postSolution
		{03EEC765-088D-42FA-9BC7-38DD7718D277}.Debug|Any CPU.ActiveCfg = Debug|Any CPU
		{03EEC765-088D-42FA-9BC7-38DD7718D277}.Debug|Any CPU.Build.0 = Debug|Any CPU
		{03EEC765-088D-42FA-9BC7-38DD7718D277}.Release|Any CPU.ActiveCfg = Release|Any CPU
		{03EEC765-088D-42FA-9BC7-38DD7718D277}.Release|Any CPU.Build.0 = Release|Any CPU
		{B9776260-2E57-4447-ABA8-2B57B7C90F9D}.Debug|Any CPU.ActiveCfg = Debug|Any CPU
		{B9776260-2E57-4447-ABA8-2B57B7C90F9D}.Debug|Any CPU.Build.0 = Debug|Any CPU
		{B9776260-2E57-4447-ABA8-2B57B7C90F9D}.Release|Any CPU.ActiveCfg = Release|Any CPU
		{B9776260-2E57-4447-ABA8-2B57B7C90F9D}.Release|Any CPU.Build.0 = Release|Any CPU
	EndGlobalSection
	GlobalSection(SolutionProperties) = preSolution
		HideSolutionNode = FALSE
	EndGlobalSection
	GlobalSection(ExtensibilityGlobals) = postSolution
		SolutionGuid = {F436DA90-0A6F-4BF1-B79A-E2397F7CD1F8}
	EndGlobalSection
EndGlobal
